
Microsoft Visual Studio Solution File, Format Version 12.00
# Visual Studio Version 17
VisualStudioVersion = 17.5.33516.290
MinimumVisualStudioVersion = 10.0.40219.1
Project("{8BC9CEB8-8B4A-11D0-8D11-00A0C91BC942}") = "ESADPC 50D 2CS", "ESADPC 50D 2CS\ESADPC 50D 2CS.vcxproj", "{FA69981F-97FB-425A-9831-891D72E4B3FA}"
EndProject
Global
	GlobalSection(SolutionConfigurationPlatforms) = preSolution
		Debug|x64 = Debug|x64
		Debug|x86 = Debug|x86
		Release|x64 = Release|x64
		Release|x86 = Release|x86
	EndGlobalSection
	GlobalSection(ProjectConfigurationPlatforms) = postSolution
		{FA69981F-97FB-425A-9831-891D72E4B3FA}.Debug|x64.ActiveCfg = Debug|x64
		{FA69981F-97FB-425A-9831-891D72E4B3FA}.Debug|x64.Build.0 = Debug|x64
		{FA69981F-97FB-425A-9831-891D72E4B3FA}.Debug|x86.ActiveCfg = Debug|Win32
		{FA69981F-97FB-425A-9831-891D72E4B3FA}.Debug|x86.Build.0 = Debug|Win32
		{FA69981F-97FB-425A-9831-891D72E4B3FA}.Release|x64.ActiveCfg = Release|x64
		{FA69981F-97FB-425A-9831-891D72E4B3FA}.Release|x64.Build.0 = Release|x64
		{FA69981F-97FB-425A-9831-891D72E4B3FA}.Release|x86.ActiveCfg = Release|Win32
		{FA69981F-97FB-425A-9831-891D72E4B3FA}.Release|x86.Build.0 = Release|Win32
	EndGlobalSection
	GlobalSection(SolutionProperties) = preSolution
		HideSolutionNode = FALSE
	EndGlobalSection
	GlobalSection(ExtensibilityGlobals) = postSolution
		SolutionGuid = {E6381640-7846-45CF-BAF9-9F814E6DF8F8}
	EndGlobalSection
EndGlobal
