
Microsoft Visual Studio Solution File, Format Version 12.00
# Visual Studio Version 17
VisualStudioVersion = 17.5.33516.290
MinimumVisualStudioVersion = 10.0.40219.1
Project("{8BC9CEB8-8B4A-11D0-8D11-00A0C91BC942}") = "EDF 40D 2CS", "EDF 40D 2CS\EDF 40D 2CS.vcxproj", "{C2CAD06F-C992-451A-A845-2F32D8405FCC}"
EndProject
Global
	GlobalSection(SolutionConfigurationPlatforms) = preSolution
		Debug|x64 = Debug|x64
		Debug|x86 = Debug|x86
		Release|x64 = Release|x64
		Release|x86 = Release|x86
	EndGlobalSection
	GlobalSection(ProjectConfigurationPlatforms) = postSolution
		{C2CAD06F-C992-451A-A845-2F32D8405FCC}.Debug|x64.ActiveCfg = Debug|x64
		{C2CAD06F-C992-451A-A845-2F32D8405FCC}.Debug|x64.Build.0 = Debug|x64
		{C2CAD06F-C992-451A-A845-2F32D8405FCC}.Debug|x86.ActiveCfg = Debug|Win32
		{C2CAD06F-C992-451A-A845-2F32D8405FCC}.Debug|x86.Build.0 = Debug|Win32
		{C2CAD06F-C992-451A-A845-2F32D8405FCC}.Release|x64.ActiveCfg = Release|x64
		{C2CAD06F-C992-451A-A845-2F32D8405FCC}.Release|x64.Build.0 = Release|x64
		{C2CAD06F-C992-451A-A845-2F32D8405FCC}.Release|x86.ActiveCfg = Release|Win32
		{C2CAD06F-C992-451A-A845-2F32D8405FCC}.Release|x86.Build.0 = Release|Win32
	EndGlobalSection
	GlobalSection(SolutionProperties) = preSolution
		HideSolutionNode = FALSE
	EndGlobalSection
	GlobalSection(ExtensibilityGlobals) = postSolution
		SolutionGuid = {9CFA5C29-3FBC-4318-841D-15AB5549550B}
	EndGlobalSection
EndGlobal
